
Microsoft Visual Studio Solution File, Format Version 12.00
# Visual Studio Version 16
VisualStudioVersion = 16.0.30907.101
MinimumVisualStudioVersion = 10.0.40219.1
Project("{9A19103F-16F7-4668-BE54-9A1E7A4F7556}") = "2GunOdev", "2GunOdev\2GunOdev.csproj", "{973D41F6-7A49-499D-8B77-EFF8DBDA7A8B}"
EndProject
Project("{9A19103F-16F7-4668-BE54-9A1E7A4F7556}") = "ClassIntro", "ClassIntro\ClassIntro.csproj", "{2E58B941-4EE0-4CEA-B9CB-4A02CC20198F}"
EndProject
Project("{9A19103F-16F7-4668-BE54-9A1E7A4F7556}") = "ClassMetotDemo", "ClassMetotDemo\ClassMetotDemo.csproj", "{7ACAFA4D-FF68-4BCD-AF5C-7F6FBDDFBFEE}"
EndProject
Project("{9A19103F-16F7-4668-BE54-9A1E7A4F7556}") = "DegerVeReferansTipler", "DegerVeReferansTipler\DegerVeReferansTipler.csproj", "{860A7E61-EC20-4CEA-9AE5-E0119F122AF8}"
EndProject
Project("{9A19103F-16F7-4668-BE54-9A1E7A4F7556}") = "Donguler", "Donguler\Donguler.csproj", "{FC5E70C6-99D1-4B94-B99A-A7F02A46283D}"
EndProject
Project("{9A19103F-16F7-4668-BE54-9A1E7A4F7556}") = "GenericsIntro", "GenericsIntro\GenericsIntro.csproj", "{42063074-271A-40AC-A60A-7CC1346D7024}"
EndProject
Project("{9A19103F-16F7-4668-BE54-9A1E7A4F7556}") = "Koleksiyonlar", "Koleksiyonlar\Koleksiyonlar.csproj", "{94AA0CD7-9031-48B9-82CD-FA8EAAA2FDAB}"
EndProject
Project("{9A19103F-16F7-4668-BE54-9A1E7A4F7556}") = "Matematik", "Matematik\Matematik.csproj", "{579B748A-FEFF-47F5-B8C5-EEF11B151E38}"
EndProject
Project("{9A19103F-16F7-4668-BE54-9A1E7A4F7556}") = "Metotlar", "Metotlar\Metotlar.csproj", "{57A433D8-D106-4B3F-A595-9BBC103D22C3}"
EndProject
Project("{9A19103F-16F7-4668-BE54-9A1E7A4F7556}") = "OOP1", "OOP1\OOP1.csproj", "{5BA94450-B263-4CBE-BE29-F53F24CED286}"
EndProject
Project("{9A19103F-16F7-4668-BE54-9A1E7A4F7556}") = "Tekrar1", "Tekrar1\Tekrar1.csproj", "{7D1436EA-8B8A-4B4B-B4B4-C5961A755712}"
EndProject
Project("{9A19103F-16F7-4668-BE54-9A1E7A4F7556}") = "Tekrar2", "Tekrar2\Tekrar2.csproj", "{22772A23-4B2B-4808-94BC-D0D375849BA9}"
EndProject
Project("{9A19103F-16F7-4668-BE54-9A1E7A4F7556}") = "YouTubeTekrar1", "YouTubeTekrar1\YouTubeTekrar1.csproj", "{3F5F59F8-1B25-4FC4-BDBF-155A9C77077F}"
EndProject
Project("{9A19103F-16F7-4668-BE54-9A1E7A4F7556}") = "4GunOdev", "4GunOdev\4GunOdev.csproj", "{8408F29F-969D-47B9-BCAD-FE86C0FC73DF}"
EndProject
Project("{9A19103F-16F7-4668-BE54-9A1E7A4F7556}") = "YouTubeTekrar2", "YouTubeTekrar2\YouTubeTekrar2.csproj", "{1856D9DC-56E9-468E-BEF9-DC0B1A276583}"
EndProject
Project("{9A19103F-16F7-4668-BE54-9A1E7A4F7556}") = "OOP2", "OOP2\OOP2.csproj", "{BA30DCB2-83B5-4CFB-8CA7-B62AF1039E83}"
EndProject
Project("{9A19103F-16F7-4668-BE54-9A1E7A4F7556}") = "OOP3", "OOP3\OOP3.csproj", "{6D97BA1F-0B30-44CF-951D-2E338528A5E8}"
EndProject
Project("{FAE04EC0-301F-11D3-BF4B-00C04F79EFBC}") = "DamaTahtası", "DamaTahtası\DamaTahtası.csproj", "{1CB995D3-3990-4CD1-B4BB-3E48EE653DD8}"
EndProject
Project("{9A19103F-16F7-4668-BE54-9A1E7A4F7556}") = "YouTubeTekrar3", "YouTubeTekrar3\YouTubeTekrar3.csproj", "{1C7773F9-7A49-4CE5-9118-1D05CE3EF731}"
EndProject
Project("{FAE04EC0-301F-11D3-BF4B-00C04F79EFBC}") = "5GunOdev", "5GunOdev\5GunOdev.csproj", "{4A5FCA98-30BB-47C8-ADA9-520F0F56739B}"
EndProject
Global
	GlobalSection(SolutionConfigurationPlatforms) = preSolution
		Debug|Any CPU = Debug|Any CPU
		Release|Any CPU = Release|Any CPU
	EndGlobalSection
	GlobalSection(ProjectConfigurationPlatforms) = postSolution
		{973D41F6-7A49-499D-8B77-EFF8DBDA7A8B}.Debug|Any CPU.ActiveCfg = Debug|Any CPU
		{973D41F6-7A49-499D-8B77-EFF8DBDA7A8B}.Debug|Any CPU.Build.0 = Debug|Any CPU
		{973D41F6-7A49-499D-8B77-EFF8DBDA7A8B}.Release|Any CPU.ActiveCfg = Release|Any CPU
		{973D41F6-7A49-499D-8B77-EFF8DBDA7A8B}.Release|Any CPU.Build.0 = Release|Any CPU
		{2E58B941-4EE0-4CEA-B9CB-4A02CC20198F}.Debug|Any CPU.ActiveCfg = Debug|Any CPU
		{2E58B941-4EE0-4CEA-B9CB-4A02CC20198F}.Debug|Any CPU.Build.0 = Debug|Any CPU
		{2E58B941-4EE0-4CEA-B9CB-4A02CC20198F}.Release|Any CPU.ActiveCfg = Release|Any CPU
		{2E58B941-4EE0-4CEA-B9CB-4A02CC20198F}.Release|Any CPU.Build.0 = Release|Any CPU
		{7ACAFA4D-FF68-4BCD-AF5C-7F6FBDDFBFEE}.Debug|Any CPU.ActiveCfg = Debug|Any CPU
		{7ACAFA4D-FF68-4BCD-AF5C-7F6FBDDFBFEE}.Debug|Any CPU.Build.0 = Debug|Any CPU
		{7ACAFA4D-FF68-4BCD-AF5C-7F6FBDDFBFEE}.Release|Any CPU.ActiveCfg = Release|Any CPU
		{7ACAFA4D-FF68-4BCD-AF5C-7F6FBDDFBFEE}.Release|Any CPU.Build.0 = Release|Any CPU
		{860A7E61-EC20-4CEA-9AE5-E0119F122AF8}.Debug|Any CPU.ActiveCfg = Debug|Any CPU
		{860A7E61-EC20-4CEA-9AE5-E0119F122AF8}.Debug|Any CPU.Build.0 = Debug|Any CPU
		{860A7E61-EC20-4CEA-9AE5-E0119F122AF8}.Release|Any CPU.ActiveCfg = Release|Any CPU
		{860A7E61-EC20-4CEA-9AE5-E0119F122AF8}.Release|Any CPU.Build.0 = Release|Any CPU
		{FC5E70C6-99D1-4B94-B99A-A7F02A46283D}.Debug|Any CPU.ActiveCfg = Debug|Any CPU
		{FC5E70C6-99D1-4B94-B99A-A7F02A46283D}.Debug|Any CPU.Build.0 = Debug|Any CPU
		{FC5E70C6-99D1-4B94-B99A-A7F02A46283D}.Release|Any CPU.ActiveCfg = Release|Any CPU
		{FC5E70C6-99D1-4B94-B99A-A7F02A46283D}.Release|Any CPU.Build.0 = Release|Any CPU
		{42063074-271A-40AC-A60A-7CC1346D7024}.Debug|Any CPU.ActiveCfg = Debug|Any CPU
		{42063074-271A-40AC-A60A-7CC1346D7024}.Debug|Any CPU.Build.0 = Debug|Any CPU
		{42063074-271A-40AC-A60A-7CC1346D7024}.Release|Any CPU.ActiveCfg = Release|Any CPU
		{42063074-271A-40AC-A60A-7CC1346D7024}.Release|Any CPU.Build.0 = Release|Any CPU
		{94AA0CD7-9031-48B9-82CD-FA8EAAA2FDAB}.Debug|Any CPU.ActiveCfg = Debug|Any CPU
		{94AA0CD7-9031-48B9-82CD-FA8EAAA2FDAB}.Debug|Any CPU.Build.0 = Debug|Any CPU
		{94AA0CD7-9031-48B9-82CD-FA8EAAA2FDAB}.Release|Any CPU.ActiveCfg = Release|Any CPU
		{94AA0CD7-9031-48B9-82CD-FA8EAAA2FDAB}.Release|Any CPU.Build.0 = Release|Any CPU
		{579B748A-FEFF-47F5-B8C5-EEF11B151E38}.Debug|Any CPU.ActiveCfg = Debug|Any CPU
		{579B748A-FEFF-47F5-B8C5-EEF11B151E38}.Debug|Any CPU.Build.0 = Debug|Any CPU
		{579B748A-FEFF-47F5-B8C5-EEF11B151E38}.Release|Any CPU.ActiveCfg = Release|Any CPU
		{579B748A-FEFF-47F5-B8C5-EEF11B151E38}.Release|Any CPU.Build.0 = Release|Any CPU
		{57A433D8-D106-4B3F-A595-9BBC103D22C3}.Debug|Any CPU.ActiveCfg = Debug|Any CPU
		{57A433D8-D106-4B3F-A595-9BBC103D22C3}.Debug|Any CPU.Build.0 = Debug|Any CPU
		{57A433D8-D106-4B3F-A595-9BBC103D22C3}.Release|Any CPU.ActiveCfg = Release|Any CPU
		{57A433D8-D106-4B3F-A595-9BBC103D22C3}.Release|Any CPU.Build.0 = Release|Any CPU
		{5BA94450-B263-4CBE-BE29-F53F24CED286}.Debug|Any CPU.ActiveCfg = Debug|Any CPU
		{5BA94450-B263-4CBE-BE29-F53F24CED286}.Debug|Any CPU.Build.0 = Debug|Any CPU
		{5BA94450-B263-4CBE-BE29-F53F24CED286}.Release|Any CPU.ActiveCfg = Release|Any CPU
		{5BA94450-B263-4CBE-BE29-F53F24CED286}.Release|Any CPU.Build.0 = Release|Any CPU
		{7D1436EA-8B8A-4B4B-B4B4-C5961A755712}.Debug|Any CPU.ActiveCfg = Debug|Any CPU
		{7D1436EA-8B8A-4B4B-B4B4-C5961A755712}.Debug|Any CPU.Build.0 = Debug|Any CPU
		{7D1436EA-8B8A-4B4B-B4B4-C5961A755712}.Release|Any CPU.ActiveCfg = Release|Any CPU
		{7D1436EA-8B8A-4B4B-B4B4-C5961A755712}.Release|Any CPU.Build.0 = Release|Any CPU
		{22772A23-4B2B-4808-94BC-D0D375849BA9}.Debug|Any CPU.ActiveCfg = Debug|Any CPU
		{22772A23-4B2B-4808-94BC-D0D375849BA9}.Debug|Any CPU.Build.0 = Debug|Any CPU
		{22772A23-4B2B-4808-94BC-D0D375849BA9}.Release|Any CPU.ActiveCfg = Release|Any CPU
		{22772A23-4B2B-4808-94BC-D0D375849BA9}.Release|Any CPU.Build.0 = Release|Any CPU
		{3F5F59F8-1B25-4FC4-BDBF-155A9C77077F}.Debug|Any CPU.ActiveCfg = Debug|Any CPU
		{3F5F59F8-1B25-4FC4-BDBF-155A9C77077F}.Debug|Any CPU.Build.0 = Debug|Any CPU
		{3F5F59F8-1B25-4FC4-BDBF-155A9C77077F}.Release|Any CPU.ActiveCfg = Release|Any CPU
		{3F5F59F8-1B25-4FC4-BDBF-155A9C77077F}.Release|Any CPU.Build.0 = Release|Any CPU
		{8408F29F-969D-47B9-BCAD-FE86C0FC73DF}.Debug|Any CPU.ActiveCfg = Debug|Any CPU
		{8408F29F-969D-47B9-BCAD-FE86C0FC73DF}.Debug|Any CPU.Build.0 = Debug|Any CPU
		{8408F29F-969D-47B9-BCAD-FE86C0FC73DF}.Release|Any CPU.ActiveCfg = Release|Any CPU
		{8408F29F-969D-47B9-BCAD-FE86C0FC73DF}.Release|Any CPU.Build.0 = Release|Any CPU
		{1856D9DC-56E9-468E-BEF9-DC0B1A276583}.Debug|Any CPU.ActiveCfg = Debug|Any CPU
		{1856D9DC-56E9-468E-BEF9-DC0B1A276583}.Debug|Any CPU.Build.0 = Debug|Any CPU
		{1856D9DC-56E9-468E-BEF9-DC0B1A276583}.Release|Any CPU.ActiveCfg = Release|Any CPU
		{1856D9DC-56E9-468E-BEF9-DC0B1A276583}.Release|Any CPU.Build.0 = Release|Any CPU
		{BA30DCB2-83B5-4CFB-8CA7-B62AF1039E83}.Debug|Any CPU.ActiveCfg = Debug|Any CPU
		{BA30DCB2-83B5-4CFB-8CA7-B62AF1039E83}.Debug|Any CPU.Build.0 = Debug|Any CPU
		{BA30DCB2-83B5-4CFB-8CA7-B62AF1039E83}.Release|Any CPU.ActiveCfg = Release|Any CPU
		{BA30DCB2-83B5-4CFB-8CA7-B62AF1039E83}.Release|Any CPU.Build.0 = Release|Any CPU
		{6D97BA1F-0B30-44CF-951D-2E338528A5E8}.Debug|Any CPU.ActiveCfg = Debug|Any CPU
		{6D97BA1F-0B30-44CF-951D-2E338528A5E8}.Debug|Any CPU.Build.0 = Debug|Any CPU
		{6D97BA1F-0B30-44CF-951D-2E338528A5E8}.Release|Any CPU.ActiveCfg = Release|Any CPU
		{6D97BA1F-0B30-44CF-951D-2E338528A5E8}.Release|Any CPU.Build.0 = Release|Any CPU
		{1CB995D3-3990-4CD1-B4BB-3E48EE653DD8}.Debug|Any CPU.ActiveCfg = Debug|Any CPU
		{1CB995D3-3990-4CD1-B4BB-3E48EE653DD8}.Debug|Any CPU.Build.0 = Debug|Any CPU
		{1CB995D3-3990-4CD1-B4BB-3E48EE653DD8}.Release|Any CPU.ActiveCfg = Release|Any CPU
		{1CB995D3-3990-4CD1-B4BB-3E48EE653DD8}.Release|Any CPU.Build.0 = Release|Any CPU
		{1C7773F9-7A49-4CE5-9118-1D05CE3EF731}.Debug|Any CPU.ActiveCfg = Debug|Any CPU
		{1C7773F9-7A49-4CE5-9118-1D05CE3EF731}.Debug|Any CPU.Build.0 = Debug|Any CPU
		{1C7773F9-7A49-4CE5-9118-1D05CE3EF731}.Release|Any CPU.ActiveCfg = Release|Any CPU
		{1C7773F9-7A49-4CE5-9118-1D05CE3EF731}.Release|Any CPU.Build.0 = Release|Any CPU
		{4A5FCA98-30BB-47C8-ADA9-520F0F56739B}.Debug|Any CPU.ActiveCfg = Debug|Any CPU
		{4A5FCA98-30BB-47C8-ADA9-520F0F56739B}.Debug|Any CPU.Build.0 = Debug|Any CPU
		{4A5FCA98-30BB-47C8-ADA9-520F0F56739B}.Release|Any CPU.ActiveCfg = Release|Any CPU
		{4A5FCA98-30BB-47C8-ADA9-520F0F56739B}.Release|Any CPU.Build.0 = Release|Any CPU
	EndGlobalSection
	GlobalSection(SolutionProperties) = preSolution
		HideSolutionNode = FALSE
	EndGlobalSection
	GlobalSection(ExtensibilityGlobals) = postSolution
		SolutionGuid = {A2923C41-0710-4D15-B9E2-5C8AFC92112D}
	EndGlobalSection
EndGlobal
